{
  "name": "@fwd/cron",
  "version": "0.0.1",
  "lockfileVersion": 1,
  "requires": true,
  "dependencies": {
    "@fwd/time": {
      "version": "0.0.1",
      "resolved": "https://registry.npmjs.org/@fwd/time/-/time-0.0.1.tgz",
      "integrity": "sha512-cC+9gu1AhBwkFyDJEtmdsPzlJGsULbMiUIBrg94UkUc5KyyFZecwkf2WUUJNPX9czO66Lx6uUJNijoAZlITYgA=="
    }
  }
}
